
Microsoft Visual Studio Solution File, Format Version 12.00
# Visual Studio Version 17
VisualStudioVersion = 17.5.33414.496
MinimumVisualStudioVersion = 10.0.40219.1
Project("{FAE04EC0-301F-11D3-BF4B-00C04F79EFBC}") = "Cubo_Rubik", "Cubo_Rubik_B\Cubo_Rubik.csproj", "{326E3161-C939-45FF-9B41-46A364AF12E4}"
EndProject
Project("{FAE04EC0-301F-11D3-BF4B-00C04F79EFBC}") = "CubeXdotNET", "CubeXdotNET\CubeXdotNET.csproj", "{6715AE98-30A7-4B67-B8C2-1A06C0D29C0D}"
EndProject
Global
	GlobalSection(SolutionConfigurationPlatforms) = preSolution
		Debug|Any CPU = Debug|Any CPU
		Release|Any CPU = Release|Any CPU
	EndGlobalSection
	GlobalSection(ProjectConfigurationPlatforms) = postSolution
		{326E3161-C939-45FF-9B41-46A364AF12E4}.Debug|Any CPU.ActiveCfg = Debug|Any CPU
		{326E3161-C939-45FF-9B41-46A364AF12E4}.Debug|Any CPU.Build.0 = Debug|Any CPU
		{326E3161-C939-45FF-9B41-46A364AF12E4}.Release|Any CPU.ActiveCfg = Release|Any CPU
		{326E3161-C939-45FF-9B41-46A364AF12E4}.Release|Any CPU.Build.0 = Release|Any CPU
		{6715AE98-30A7-4B67-B8C2-1A06C0D29C0D}.Debug|Any CPU.ActiveCfg = Debug|Any CPU
		{6715AE98-30A7-4B67-B8C2-1A06C0D29C0D}.Debug|Any CPU.Build.0 = Debug|Any CPU
		{6715AE98-30A7-4B67-B8C2-1A06C0D29C0D}.Release|Any CPU.ActiveCfg = Release|Any CPU
		{6715AE98-30A7-4B67-B8C2-1A06C0D29C0D}.Release|Any CPU.Build.0 = Release|Any CPU
	EndGlobalSection
	GlobalSection(SolutionProperties) = preSolution
		HideSolutionNode = FALSE
	EndGlobalSection
	GlobalSection(ExtensibilityGlobals) = postSolution
		SolutionGuid = {F36877C9-70AC-43B2-8374-48793278926E}
	EndGlobalSection
EndGlobal
